
Microsoft Visual Studio Solution File, Format Version 12.00
# Visual Studio Version 17
VisualStudioVersion = 17.5.002.0
MinimumVisualStudioVersion = 10.0.40219.1
Project("{2150E333-8FDC-42A3-9474-1A3956D46DE8}") = "legacy", "legacy", "{21EDB342-549D-4B24-96EE-D4881BFAF7FA}"
EndProject
Project("{9A19103F-16F7-4668-BE54-9A1E7A4F7556}") = "Example", "legacy\Example\Example.csproj", "{9016D595-F822-4791-B108-3992E42A70C4}"
EndProject
Project("{9A19103F-16F7-4668-BE54-9A1E7A4F7556}") = "Example.Tests", "legacy\Example.Tests\Example.Tests.csproj", "{74081D36-D99A-4C13-8B41-5B5ECC11AB1E}"
EndProject
Project("{2150E333-8FDC-42A3-9474-1A3956D46DE8}") = "latest", "latest", "{03B7CBE0-1259-42B7-BB6B-1FA3A2966A4A}"
EndProject
Project("{9A19103F-16F7-4668-BE54-9A1E7A4F7556}") = "tSQLt.Original.Tests", "latest\tSQLt.Original.Tests\tSQLt.Original.Tests.csproj", "{FC83D746-80F8-4E43-9E02-E58819793327}"
EndProject
Project("{9A19103F-16F7-4668-BE54-9A1E7A4F7556}") = "tSQLt.Edge", "latest\tSQLt.Edge\tSQLt.Edge.csproj", "{D5B72E71-F0EC-4F55-8E62-017A603A693B}"
EndProject
Project("{9A19103F-16F7-4668-BE54-9A1E7A4F7556}") = "tSQLt.Edge.Tests.CaseSensitive", "latest\tSQLt.Edge.Tests.CaseSensitive\tSQLt.Edge.Tests.CaseSensitive.csproj", "{581010AB-3E94-48FF-B6AA-E428BA37C8A4}"
EndProject
Project("{9A19103F-16F7-4668-BE54-9A1E7A4F7556}") = "tSQLt.XmlResult.Tests", "latest\tSQLt.XmlResult.Tests\tSQLt.XmlResult.Tests.csproj", "{B0439E61-60D4-4BF6-91A9-9C8490989E4E}"
EndProject
Project("{9A19103F-16F7-4668-BE54-9A1E7A4F7556}") = "tSQLt.Edge.Tests", "latest\tSQLt.Edge.Tests\tSQLt.Edge.Tests.csproj", "{D99146B5-E75D-4228-9726-1B77238F9ABC}"
EndProject
Project("{2150E333-8FDC-42A3-9474-1A3956D46DE8}") = "current", "current", "{6F520838-B372-46C2-89E0-BE0079CD8EA9}"
EndProject
Project("{9A19103F-16F7-4668-BE54-9A1E7A4F7556}") = "Example", "current\Example\Example.csproj", "{4C4B8548-0477-4CC0-8148-AB100C7F252D}"
EndProject
Project("{9A19103F-16F7-4668-BE54-9A1E7A4F7556}") = "Example.Tests", "current\Example.Tests\Example.Tests.csproj", "{D9745057-6C67-4486-91A8-3A4DC8978875}"
EndProject
Global
	GlobalSection(SolutionConfigurationPlatforms) = preSolution
		Debug|Any CPU = Debug|Any CPU
		Release|Any CPU = Release|Any CPU
	EndGlobalSection
	GlobalSection(ProjectConfigurationPlatforms) = postSolution
		{9016D595-F822-4791-B108-3992E42A70C4}.Debug|Any CPU.ActiveCfg = Debug|Any CPU
		{9016D595-F822-4791-B108-3992E42A70C4}.Debug|Any CPU.Build.0 = Debug|Any CPU
		{9016D595-F822-4791-B108-3992E42A70C4}.Release|Any CPU.ActiveCfg = Release|Any CPU
		{9016D595-F822-4791-B108-3992E42A70C4}.Release|Any CPU.Build.0 = Release|Any CPU
		{74081D36-D99A-4C13-8B41-5B5ECC11AB1E}.Debug|Any CPU.ActiveCfg = Debug|Any CPU
		{74081D36-D99A-4C13-8B41-5B5ECC11AB1E}.Debug|Any CPU.Build.0 = Debug|Any CPU
		{74081D36-D99A-4C13-8B41-5B5ECC11AB1E}.Release|Any CPU.ActiveCfg = Release|Any CPU
		{74081D36-D99A-4C13-8B41-5B5ECC11AB1E}.Release|Any CPU.Build.0 = Release|Any CPU
		{FC83D746-80F8-4E43-9E02-E58819793327}.Debug|Any CPU.ActiveCfg = Debug|Any CPU
		{FC83D746-80F8-4E43-9E02-E58819793327}.Debug|Any CPU.Build.0 = Debug|Any CPU
		{FC83D746-80F8-4E43-9E02-E58819793327}.Release|Any CPU.ActiveCfg = Release|Any CPU
		{FC83D746-80F8-4E43-9E02-E58819793327}.Release|Any CPU.Build.0 = Release|Any CPU
		{D5B72E71-F0EC-4F55-8E62-017A603A693B}.Debug|Any CPU.ActiveCfg = Debug|Any CPU
		{D5B72E71-F0EC-4F55-8E62-017A603A693B}.Debug|Any CPU.Build.0 = Debug|Any CPU
		{D5B72E71-F0EC-4F55-8E62-017A603A693B}.Release|Any CPU.ActiveCfg = Release|Any CPU
		{D5B72E71-F0EC-4F55-8E62-017A603A693B}.Release|Any CPU.Build.0 = Release|Any CPU
		{581010AB-3E94-48FF-B6AA-E428BA37C8A4}.Debug|Any CPU.ActiveCfg = Debug|Any CPU
		{581010AB-3E94-48FF-B6AA-E428BA37C8A4}.Debug|Any CPU.Build.0 = Debug|Any CPU
		{581010AB-3E94-48FF-B6AA-E428BA37C8A4}.Release|Any CPU.ActiveCfg = Release|Any CPU
		{581010AB-3E94-48FF-B6AA-E428BA37C8A4}.Release|Any CPU.Build.0 = Release|Any CPU
		{B0439E61-60D4-4BF6-91A9-9C8490989E4E}.Debug|Any CPU.ActiveCfg = Debug|Any CPU
		{B0439E61-60D4-4BF6-91A9-9C8490989E4E}.Debug|Any CPU.Build.0 = Debug|Any CPU
		{B0439E61-60D4-4BF6-91A9-9C8490989E4E}.Release|Any CPU.ActiveCfg = Release|Any CPU
		{B0439E61-60D4-4BF6-91A9-9C8490989E4E}.Release|Any CPU.Build.0 = Release|Any CPU
		{D99146B5-E75D-4228-9726-1B77238F9ABC}.Debug|Any CPU.ActiveCfg = Debug|Any CPU
		{D99146B5-E75D-4228-9726-1B77238F9ABC}.Debug|Any CPU.Build.0 = Debug|Any CPU
		{D99146B5-E75D-4228-9726-1B77238F9ABC}.Release|Any CPU.ActiveCfg = Release|Any CPU
		{D99146B5-E75D-4228-9726-1B77238F9ABC}.Release|Any CPU.Build.0 = Release|Any CPU
		{4C4B8548-0477-4CC0-8148-AB100C7F252D}.Debug|Any CPU.ActiveCfg = Debug|Any CPU
		{4C4B8548-0477-4CC0-8148-AB100C7F252D}.Debug|Any CPU.Build.0 = Debug|Any CPU
		{4C4B8548-0477-4CC0-8148-AB100C7F252D}.Release|Any CPU.ActiveCfg = Release|Any CPU
		{4C4B8548-0477-4CC0-8148-AB100C7F252D}.Release|Any CPU.Build.0 = Release|Any CPU
		{D9745057-6C67-4486-91A8-3A4DC8978875}.Debug|Any CPU.ActiveCfg = Debug|Any CPU
		{D9745057-6C67-4486-91A8-3A4DC8978875}.Debug|Any CPU.Build.0 = Debug|Any CPU
		{D9745057-6C67-4486-91A8-3A4DC8978875}.Release|Any CPU.ActiveCfg = Release|Any CPU
		{D9745057-6C67-4486-91A8-3A4DC8978875}.Release|Any CPU.Build.0 = Release|Any CPU
	EndGlobalSection
	GlobalSection(SolutionProperties) = preSolution
		HideSolutionNode = FALSE
	EndGlobalSection
	GlobalSection(NestedProjects) = preSolution
		{9016D595-F822-4791-B108-3992E42A70C4} = {21EDB342-549D-4B24-96EE-D4881BFAF7FA}
		{74081D36-D99A-4C13-8B41-5B5ECC11AB1E} = {21EDB342-549D-4B24-96EE-D4881BFAF7FA}
		{FC83D746-80F8-4E43-9E02-E58819793327} = {03B7CBE0-1259-42B7-BB6B-1FA3A2966A4A}
		{D5B72E71-F0EC-4F55-8E62-017A603A693B} = {03B7CBE0-1259-42B7-BB6B-1FA3A2966A4A}
		{581010AB-3E94-48FF-B6AA-E428BA37C8A4} = {03B7CBE0-1259-42B7-BB6B-1FA3A2966A4A}
		{B0439E61-60D4-4BF6-91A9-9C8490989E4E} = {03B7CBE0-1259-42B7-BB6B-1FA3A2966A4A}
		{D99146B5-E75D-4228-9726-1B77238F9ABC} = {03B7CBE0-1259-42B7-BB6B-1FA3A2966A4A}
		{4C4B8548-0477-4CC0-8148-AB100C7F252D} = {6F520838-B372-46C2-89E0-BE0079CD8EA9}
		{D9745057-6C67-4486-91A8-3A4DC8978875} = {6F520838-B372-46C2-89E0-BE0079CD8EA9}
	EndGlobalSection
	GlobalSection(ExtensibilityGlobals) = postSolution
		SolutionGuid = {035C9D00-3373-4E07-92A9-1C8137B4C184}
	EndGlobalSection
EndGlobal
